{
  "originHash" : "cad66e5e098d842879f2ebb53937e47337c5be135c82efed2e209307b5ce0e92",
  "pins" : [
    {
      "identity" : "ffmpeg-ios-lame",
      "kind" : "remoteSourceControl",
      "location" : "https://github.com/kewlbear/FFmpeg-iOS-Lame",
      "state" : {
        "revision" : "1808fa5a1263c5e216646cd8421fc7dcb70520cc",
        "version" : "0.0.6-b20230730-000000"
      }
    },
    {
      "identity" : "ffmpeg-ios-support",
      "kind" : "remoteSourceControl",
      "location" : "https://github.com/kewlbear/FFmpeg-iOS-Support",
      "state" : {
        "revision" : "be3bd9149ac53760e8725652eee99c405b2be47a",
        "version" : "0.0.2"
      }
    },
    {
      "identity" : "fluidaudio",
      "kind" : "remoteSourceControl",
      "location" : "https://github.com/FluidInference/FluidAudio.git",
      "state" : {
        "revision" : "8e830ab2dbaf89b62659d37428b47a47056d1449"
      }
    },
    {
      "identity" : "python-ios",
      "kind" : "remoteSourceControl",
      "location" : "https://github.com/kewlbear/Python-iOS.git",
      "state" : {
        "revision" : "4f3ca2bc0cff1ef2511555eb6114f9eb12e50412",
        "version" : "0.1.1-b20230423-090254"
      }
    },
    {
      "identity" : "pythonkit",
      "kind" : "remoteSourceControl",
      "location" : "https://github.com/pvieito/PythonKit.git",
      "state" : {
        "revision" : "6fee7617cfa910fbac7035276e295ba967adbbb4",
        "version" : "0.5.1"
      }
    },
    {
      "identity" : "swift-asn1",
      "kind" : "remoteSourceControl",
      "location" : "https://github.com/apple/swift-asn1.git",
      "state" : {
        "revision" : "810496cf121e525d660cd0ea89a758740476b85f",
        "version" : "1.5.1"
      }
    },
    {
      "identity" : "swift-collections",
      "kind" : "remoteSourceControl",
      "location" : "https://github.com/apple/swift-collections.git",
      "state" : {
        "revision" : "7b847a3b7008b2dc2f47ca3110d8c782fb2e5c7e",
        "version" : "1.3.0"
      }
    },
    {
      "identity" : "swift-crypto",
      "kind" : "remoteSourceControl",
      "location" : "https://github.com/apple/swift-crypto.git",
      "state" : {
        "revision" : "6f70fa9eab24c1fd982af18c281c4525d05e3095",
        "version" : "4.2.0"
      }
    },
    {
      "identity" : "swift-jinja",
      "kind" : "remoteSourceControl",
      "location" : "https://github.com/huggingface/swift-jinja.git",
      "state" : {
        "revision" : "f731f03bf746481d4fda07f817c3774390c4d5b9",
        "version" : "2.3.2"
      }
    },
    {
      "identity" : "swift-transformers",
      "kind" : "remoteSourceControl",
      "location" : "https://github.com/huggingface/swift-transformers",
      "state" : {
        "revision" : "3aecdf18e62303fb5a5543f8e87502b13474573f",
        "version" : "1.1.7"
      }
    },
    {
      "identity" : "youtubedl-ios",
      "kind" : "remoteSourceControl",
      "location" : "https://github.com/kewlbear/YoutubeDL-iOS.git",
      "state" : {
        "revision" : "64d9072cc33d2698b555d68cecf3d71f2f49b8dd",
        "version" : "0.0.9"
      }
    },
    {
      "identity" : "yyjson",
      "kind" : "remoteSourceControl",
      "location" : "https://github.com/ibireme/yyjson.git",
      "state" : {
        "revision" : "8b4a38dc994a110abaec8a400615567bd996105f",
        "version" : "0.12.0"
      }
    }
  ],
  "version" : 3
}
